
Microsoft Visual Studio Solution File, Format Version 12.00
# Visual Studio Version 17
VisualStudioVersion = 17.4.33122.133
MinimumVisualStudioVersion = 10.0.40219.1
Project("{FAE04EC0-301F-11D3-BF4B-00C04F79EFBC}") = "VPRemote", "VPRemote\VPRemote.csproj", "{9C1ECC5B-DA0B-407D-992D-DEE3FFB48695}"
EndProject
Global
	GlobalSection(SolutionConfigurationPlatforms) = preSolution
		Debug|Any CPU = Debug|Any CPU
		Release|Any CPU = Release|Any CPU
	EndGlobalSection
	GlobalSection(ProjectConfigurationPlatforms) = postSolution
		{9C1ECC5B-DA0B-407D-992D-DEE3FFB48695}.Debug|Any CPU.ActiveCfg = Debug|Any CPU
		{9C1ECC5B-DA0B-407D-992D-DEE3FFB48695}.Debug|Any CPU.Build.0 = Debug|Any CPU
		{9C1ECC5B-DA0B-407D-992D-DEE3FFB48695}.Release|Any CPU.ActiveCfg = Release|Any CPU
		{9C1ECC5B-DA0B-407D-992D-DEE3FFB48695}.Release|Any CPU.Build.0 = Release|Any CPU
	EndGlobalSection
	GlobalSection(SolutionProperties) = preSolution
		HideSolutionNode = FALSE
	EndGlobalSection
	GlobalSection(ExtensibilityGlobals) = postSolution
		SolutionGuid = {7A77F5D7-2903-4EBE-8D5D-3B5198FEE578}
	EndGlobalSection
EndGlobal
